
Microsoft Visual Studio Solution File, Format Version 12.00
# Visual Studio Version 17
VisualStudioVersion = 17.11.35222.181
MinimumVisualStudioVersion = 10.0.40219.1
Project("{FAE04EC0-301F-11D3-BF4B-00C04F79EFBC}") = "Debug Compiler", "Debug Compiler\Debug Compiler.csproj", "{DC3C023E-9854-44AE-BCE8-BC21F9F58BB2}"
	ProjectSection(ProjectDependencies) = postProject
		{E4EE6804-5318-4511-9D55-8EA5AC81C810} = {E4EE6804-5318-4511-9D55-8EA5AC81C810}
	EndProjectSection
EndProject
Project("{FAE04EC0-301F-11D3-BF4B-00C04F79EFBC}") = "PS4 Compiler GUI with VS EXC", "PS4 Compiler GUI with VS EXC\PS4 Compiler GUI with VS EXC.csproj", "{E4EE6804-5318-4511-9D55-8EA5AC81C810}"
EndProject
Global
	GlobalSection(SolutionConfigurationPlatforms) = preSolution
		Debug|Any CPU = Debug|Any CPU
		Release|Any CPU = Release|Any CPU
	EndGlobalSection
	GlobalSection(ProjectConfigurationPlatforms) = postSolution
		{DC3C023E-9854-44AE-BCE8-BC21F9F58BB2}.Debug|Any CPU.ActiveCfg = Debug|Any CPU
		{DC3C023E-9854-44AE-BCE8-BC21F9F58BB2}.Debug|Any CPU.Build.0 = Debug|Any CPU
		{DC3C023E-9854-44AE-BCE8-BC21F9F58BB2}.Release|Any CPU.ActiveCfg = Release|Any CPU
		{DC3C023E-9854-44AE-BCE8-BC21F9F58BB2}.Release|Any CPU.Build.0 = Release|Any CPU
		{E4EE6804-5318-4511-9D55-8EA5AC81C810}.Debug|Any CPU.ActiveCfg = Debug|Any CPU
		{E4EE6804-5318-4511-9D55-8EA5AC81C810}.Debug|Any CPU.Build.0 = Debug|Any CPU
		{E4EE6804-5318-4511-9D55-8EA5AC81C810}.Release|Any CPU.ActiveCfg = Release|Any CPU
		{E4EE6804-5318-4511-9D55-8EA5AC81C810}.Release|Any CPU.Build.0 = Release|Any CPU
	EndGlobalSection
	GlobalSection(SolutionProperties) = preSolution
		HideSolutionNode = FALSE
	EndGlobalSection
	GlobalSection(ExtensibilityGlobals) = postSolution
		SolutionGuid = {5BE26478-0613-4FF8-88F3-E0F02802DEB8}
	EndGlobalSection
EndGlobal
